<?xml version="1.0" encoding="UTF-8" standalone="yes" ?>
<CodeBlocks_project_file>
	<FileVersion major="1" minor="6" />
	<Project>
		<Option title="Search" />
		<Option pch_mode="2" />
		<Option compiler="gcc" />
		<Option virtualFolders="Search_Engine_Data/" />
		<Build>
			<Target title="Debug">
				<Option output="bin/Debug/Search" prefix_auto="1" extension_auto="1" />
				<Option object_output="obj/Debug/" />
				<Option type="1" />
				<Option compiler="gcc" />
				<Compiler>
					<Add option="-g" />
				</Compiler>
			</Target>
			<Target title="Release">
				<Option output="bin/Release/Search" prefix_auto="1" extension_auto="1" />
				<Option object_output="obj/Release/" />
				<Option type="1" />
				<Option compiler="gcc" />
				<Compiler>
					<Add option="-O2" />
				</Compiler>
				<Linker>
					<Add option="-s" />
				</Linker>
			</Target>
		</Build>
		<Compiler>
			<Add option="-Wall" />
			<Add option="-fexceptions" />
		</Compiler>
		<Unit filename="1112.txt" />
		<Unit filename="Khoi.cpp" />
		<Unit filename="Khoi.h" />
		<Unit filename="Search_Engine_Data/0.txt" />
		<Unit filename="Search_Engine_Data/000.txt" />
		<Unit filename="Search_Engine_Data/001.txt" />
		<Unit filename="Search_Engine_Data/002.txt" />
		<Unit filename="Search_Engine_Data/003.txt" />
		<Unit filename="Search_Engine_Data/004.txt" />
		<Unit filename="Search_Engine_Data/005.txt" />
		<Unit filename="Search_Engine_Data/006.txt" />
		<Unit filename="Search_Engine_Data/007.txt" />
		<Unit filename="Search_Engine_Data/008.txt" />
		<Unit filename="Search_Engine_Data/009.txt" />
		<Unit filename="Search_Engine_Data/01.txt" />
		<Unit filename="Search_Engine_Data/010.txt" />
		<Unit filename="Search_Engine_Data/011.txt" />
		<Unit filename="Search_Engine_Data/012.txt" />
		<Unit filename="Search_Engine_Data/013.txt" />
		<Unit filename="Search_Engine_Data/014.txt" />
		<Unit filename="Search_Engine_Data/015.txt" />
		<Unit filename="Search_Engine_Data/016.txt" />
		<Unit filename="Search_Engine_Data/017.txt" />
		<Unit filename="Search_Engine_Data/018.txt" />
		<Unit filename="Search_Engine_Data/019.txt" />
		<Unit filename="Search_Engine_Data/02.txt" />
		<Unit filename="Search_Engine_Data/020.txt" />
		<Unit filename="Search_Engine_Data/021.txt" />
		<Unit filename="Search_Engine_Data/022.txt" />
		<Unit filename="Search_Engine_Data/023.txt" />
		<Unit filename="Search_Engine_Data/024.txt" />
		<Unit filename="Search_Engine_Data/025.txt" />
		<Unit filename="Search_Engine_Data/026.txt" />
		<Unit filename="Search_Engine_Data/027.txt" />
		<Unit filename="Search_Engine_Data/028.txt" />
		<Unit filename="Search_Engine_Data/029.txt" />
		<Unit filename="Search_Engine_Data/03.txt" />
		<Unit filename="Search_Engine_Data/030.txt" />
		<Unit filename="Search_Engine_Data/031.txt" />
		<Unit filename="Search_Engine_Data/032.txt" />
		<Unit filename="Search_Engine_Data/033.txt" />
		<Unit filename="Search_Engine_Data/034.txt" />
		<Unit filename="Search_Engine_Data/035.txt" />
		<Unit filename="Search_Engine_Data/036.txt" />
		<Unit filename="Search_Engine_Data/037.txt" />
		<Unit filename="Search_Engine_Data/038.txt" />
		<Unit filename="Search_Engine_Data/039.txt" />
		<Unit filename="Search_Engine_Data/04.txt" />
		<Unit filename="Search_Engine_Data/040.txt" />
		<Unit filename="Search_Engine_Data/041.txt" />
		<Unit filename="Search_Engine_Data/042.txt" />
		<Unit filename="Search_Engine_Data/043.txt" />
		<Unit filename="Search_Engine_Data/044.txt" />
		<Unit filename="Search_Engine_Data/045.txt" />
		<Unit filename="Search_Engine_Data/046.txt" />
		<Unit filename="Search_Engine_Data/047.txt" />
		<Unit filename="Search_Engine_Data/048.txt" />
		<Unit filename="Search_Engine_Data/049.txt" />
		<Unit filename="Search_Engine_Data/05.txt" />
		<Unit filename="Search_Engine_Data/050.txt" />
		<Unit filename="Search_Engine_Data/051.txt" />
		<Unit filename="Search_Engine_Data/052.txt" />
		<Unit filename="Search_Engine_Data/053.txt" />
		<Unit filename="Search_Engine_Data/054.txt" />
		<Unit filename="Search_Engine_Data/055.txt" />
		<Unit filename="Search_Engine_Data/056.txt" />
		<Unit filename="Search_Engine_Data/057.txt" />
		<Unit filename="Search_Engine_Data/058.txt" />
		<Unit filename="Search_Engine_Data/059.txt" />
		<Unit filename="Search_Engine_Data/06.txt" />
		<Unit filename="Search_Engine_Data/060.txt" />
		<Unit filename="Search_Engine_Data/061.txt" />
		<Unit filename="Search_Engine_Data/062.txt" />
		<Unit filename="Search_Engine_Data/063.txt" />
		<Unit filename="Search_Engine_Data/064.txt" />
		<Unit filename="Search_Engine_Data/065.txt" />
		<Unit filename="Search_Engine_Data/066.txt" />
		<Unit filename="Search_Engine_Data/067.txt" />
		<Unit filename="Search_Engine_Data/068.txt" />
		<Unit filename="Search_Engine_Data/069.txt" />
		<Unit filename="Search_Engine_Data/07.txt" />
		<Unit filename="Search_Engine_Data/070.txt" />
		<Unit filename="Search_Engine_Data/071.txt" />
		<Unit filename="Search_Engine_Data/072.txt" />
		<Unit filename="Search_Engine_Data/073.txt" />
		<Unit filename="Search_Engine_Data/074.txt" />
		<Unit filename="Search_Engine_Data/075.txt" />
		<Unit filename="Search_Engine_Data/076.txt" />
		<Unit filename="Search_Engine_Data/077.txt" />
		<Unit filename="Search_Engine_Data/078.txt" />
		<Unit filename="Search_Engine_Data/079.txt" />
		<Unit filename="Search_Engine_Data/08.txt" />
		<Unit filename="Search_Engine_Data/080.txt" />
		<Unit filename="Search_Engine_Data/081.txt" />
		<Unit filename="Search_Engine_Data/082.txt" />
		<Unit filename="Search_Engine_Data/083.txt" />
		<Unit filename="Search_Engine_Data/084.txt" />
		<Unit filename="Search_Engine_Data/085.txt" />
		<Unit filename="Search_Engine_Data/086.txt" />
		<Unit filename="Search_Engine_Data/087.txt" />
		<Unit filename="Search_Engine_Data/088.txt" />
		<Unit filename="Search_Engine_Data/089.txt" />
		<Unit filename="Search_Engine_Data/09.txt" />
		<Unit filename="Search_Engine_Data/090.txt" />
		<Unit filename="Search_Engine_Data/091.txt" />
		<Unit filename="Search_Engine_Data/092.txt" />
		<Unit filename="Search_Engine_Data/093.txt" />
		<Unit filename="Search_Engine_Data/094.txt" />
		<Unit filename="Search_Engine_Data/095.txt" />
		<Unit filename="Search_Engine_Data/096.txt" />
		<Unit filename="Search_Engine_Data/097.txt" />
		<Unit filename="Search_Engine_Data/098.txt" />
		<Unit filename="Search_Engine_Data/099.txt" />
		<Unit filename="Search_Engine_Data/1.txt" />
		<Unit filename="Search_Engine_Data/10 2.txt" />
		<Unit filename="Search_Engine_Data/10 cool summer destinations in US .txt" />
		<Unit filename="Search_Engine_Data/10 unforgettable animal-watching adventures&apos;.txt" />
		<Unit filename="Search_Engine_Data/10.txt" />
		<Unit filename="Search_Engine_Data/100 2.txt" />
		<Unit filename="Search_Engine_Data/100 3.txt" />
		<Unit filename="Search_Engine_Data/100.txt" />
		<Unit filename="Search_Engine_Data/11 2.txt" />
		<Unit filename="Search_Engine_Data/11.txt" />
		<Unit filename="Search_Engine_Data/1111.txt" />
		<Unit filename="Search_Engine_Data/1112.txt" />
		<Unit filename="Search_Engine_Data/12 2.txt" />
		<Unit filename="Search_Engine_Data/12 travel books you won’t be able to put down this summer.txt" />
		<Unit filename="Search_Engine_Data/12-foot bird lived alongside early human relatives, fossils reveal.txt" />
		<Unit filename="Search_Engine_Data/12.txt" />
		<Unit filename="Search_Engine_Data/13 2.txt" />
		<Unit filename="Search_Engine_Data/13.txt" />
		<Unit filename="Search_Engine_Data/14 2.txt" />
		<Unit filename="Search_Engine_Data/14.txt" />
		<Unit filename="Search_Engine_Data/15 2.txt" />
		<Unit filename="Search_Engine_Data/15.txt" />
		<Unit filename="Search_Engine_Data/16 2.txt" />
		<Unit filename="Search_Engine_Data/16.txt" />
		<Unit filename="Search_Engine_Data/17 2.txt" />
		<Unit filename="Search_Engine_Data/17.txt" />
		<Unit filename="Search_Engine_Data/18 2.txt" />
		<Unit filename="Search_Engine_Data/18.txt" />
		<Unit filename="Search_Engine_Data/19 2.txt" />
		<Unit filename="Search_Engine_Data/19 iconic trees around the world.txt" />
		<Unit filename="Search_Engine_Data/19.txt" />
		<Unit filename="Search_Engine_Data/2.txt" />
		<Unit filename="Search_Engine_Data/20 2.txt" />
		<Unit filename="Search_Engine_Data/20.txt" />
		<Unit filename="Search_Engine_Data/21 2.txt" />
		<Unit filename="Search_Engine_Data/21.txt" />
		<Unit filename="Search_Engine_Data/22 2.txt" />
		<Unit filename="Search_Engine_Data/22.txt" />
		<Unit filename="Search_Engine_Data/23 2.txt" />
		<Unit filename="Search_Engine_Data/23.txt" />
		<Unit filename="Search_Engine_Data/24 2.txt" />
		<Unit filename="Search_Engine_Data/24.txt" />
		<Unit filename="Search_Engine_Data/25 2.txt" />
		<Unit filename="Search_Engine_Data/25.txt" />
		<Unit filename="Search_Engine_Data/26 2.txt" />
		<Unit filename="Search_Engine_Data/26.txt" />
		<Unit filename="Search_Engine_Data/27 2.txt" />
		<Unit filename="Search_Engine_Data/27.txt" />
		<Unit filename="Search_Engine_Data/28 2.txt" />
		<Unit filename="Search_Engine_Data/28.txt" />
		<Unit filename="Search_Engine_Data/29 2.txt" />
		<Unit filename="Search_Engine_Data/29.txt" />
		<Unit filename="Search_Engine_Data/3.txt" />
		<Unit filename="Search_Engine_Data/30 2.txt" />
		<Unit filename="Search_Engine_Data/30.txt" />
		<Unit filename="Search_Engine_Data/31 2.txt" />
		<Unit filename="Search_Engine_Data/31.txt" />
		<Unit filename="Search_Engine_Data/32 2.txt" />
		<Unit filename="Search_Engine_Data/32.txt" />
		<Unit filename="Search_Engine_Data/33 2.txt" />
		<Unit filename="Search_Engine_Data/33.txt" />
		<Unit filename="Search_Engine_Data/34 2.txt" />
		<Unit filename="Search_Engine_Data/34.txt" />
		<Unit filename="Search_Engine_Data/35 2.txt" />
		<Unit filename="Search_Engine_Data/35.txt" />
		<Unit filename="Search_Engine_Data/36 2.txt" />
		<Unit filename="Search_Engine_Data/36.txt" />
		<Unit filename="Search_Engine_Data/37 2.txt" />
		<Unit filename="Search_Engine_Data/37.txt" />
		<Unit filename="Search_Engine_Data/38 2.txt" />
		<Unit filename="Search_Engine_Data/38.txt" />
		<Unit filename="Search_Engine_Data/39 2.txt" />
		<Unit filename="Search_Engine_Data/39.txt" />
		<Unit filename="Search_Engine_Data/4.txt" />
		<Unit filename="Search_Engine_Data/40 2.txt" />
		<Unit filename="Search_Engine_Data/40.txt" />
		<Unit filename="Search_Engine_Data/41 2.txt" />
		<Unit filename="Search_Engine_Data/41.txt" />
		<Unit filename="Search_Engine_Data/42 2.txt" />
		<Unit filename="Search_Engine_Data/42.txt" />
		<Unit filename="Search_Engine_Data/43 2.txt" />
		<Unit filename="Search_Engine_Data/43.txt" />
		<Unit filename="Search_Engine_Data/44 2.txt" />
		<Unit filename="Search_Engine_Data/44.txt" />
		<Unit filename="Search_Engine_Data/45 2.txt" />
		<Unit filename="Search_Engine_Data/45.txt" />
		<Unit filename="Search_Engine_Data/46 2.txt" />
		<Unit filename="Search_Engine_Data/46.txt" />
		<Unit filename="Search_Engine_Data/47 2.txt" />
		<Unit filename="Search_Engine_Data/47.txt" />
		<Unit filename="Search_Engine_Data/48 2.txt" />
		<Unit filename="Search_Engine_Data/48.txt" />
		<Unit filename="Search_Engine_Data/49 2.txt" />
		<Unit filename="Search_Engine_Data/49.txt" />
		<Unit filename="Search_Engine_Data/5 Times People Used Trees to Change the World.txt" />
		<Unit filename="Search_Engine_Data/5.txt" />
		<Unit filename="Search_Engine_Data/50 2.txt" />
		<Unit filename="Search_Engine_Data/50 dramatic photos of life on Earth.txt" />
		<Unit filename="Search_Engine_Data/50.txt" />
		<Unit filename="Search_Engine_Data/51 2.txt" />
		<Unit filename="Search_Engine_Data/51.txt" />
		<Unit filename="Search_Engine_Data/52 2.txt" />
		<Unit filename="Search_Engine_Data/52.txt" />
		<Unit filename="Search_Engine_Data/53 2.txt" />
		<Unit filename="Search_Engine_Data/53.txt" />
		<Unit filename="Search_Engine_Data/54 2.txt" />
		<Unit filename="Search_Engine_Data/54.txt" />
		<Unit filename="Search_Engine_Data/55 2.txt" />
		<Unit filename="Search_Engine_Data/55.txt" />
		<Unit filename="Search_Engine_Data/56 2.txt" />
		<Unit filename="Search_Engine_Data/56.txt" />
		<Unit filename="Search_Engine_Data/57 2.txt" />
		<Unit filename="Search_Engine_Data/57.txt" />
		<Unit filename="Search_Engine_Data/58 2.txt" />
		<Unit filename="Search_Engine_Data/58.txt" />
		<Unit filename="Search_Engine_Data/59 2.txt" />
		<Unit filename="Search_Engine_Data/59.txt" />
		<Unit filename="Search_Engine_Data/6 Amazing Structures Built by Surprising Creatures.txt" />
		<Unit filename="Search_Engine_Data/6.txt" />
		<Unit filename="Search_Engine_Data/60 2.txt" />
		<Unit filename="Search_Engine_Data/60.txt" />
		<Unit filename="Search_Engine_Data/61 2.txt" />
		<Unit filename="Search_Engine_Data/61.txt" />
		<Unit filename="Search_Engine_Data/62 2.txt" />
		<Unit filename="Search_Engine_Data/62.txt" />
		<Unit filename="Search_Engine_Data/63 2.txt" />
		<Unit filename="Search_Engine_Data/63.txt" />
		<Unit filename="Search_Engine_Data/64 2.txt" />
		<Unit filename="Search_Engine_Data/64.txt" />
		<Unit filename="Search_Engine_Data/65 2.txt" />
		<Unit filename="Search_Engine_Data/65.txt" />
		<Unit filename="Search_Engine_Data/66 2.txt" />
		<Unit filename="Search_Engine_Data/66.txt" />
		<Unit filename="Search_Engine_Data/67 2.txt" />
		<Unit filename="Search_Engine_Data/67.txt" />
		<Unit filename="Search_Engine_Data/68 2.txt" />
		<Unit filename="Search_Engine_Data/68.txt" />
		<Unit filename="Search_Engine_Data/69 2.txt" />
		<Unit filename="Search_Engine_Data/69.txt" />
		<Unit filename="Search_Engine_Data/7.txt" />
		<Unit filename="Search_Engine_Data/70 2.txt" />
		<Unit filename="Search_Engine_Data/70.txt" />
		<Unit filename="Search_Engine_Data/71 2.txt" />
		<Unit filename="Search_Engine_Data/71.txt" />
		<Unit filename="Search_Engine_Data/72 2.txt" />
		<Unit filename="Search_Engine_Data/72.txt" />
		<Unit filename="Search_Engine_Data/73 2.txt" />
		<Unit filename="Search_Engine_Data/73.txt" />
		<Unit filename="Search_Engine_Data/74 2.txt" />
		<Unit filename="Search_Engine_Data/74.txt" />
		<Unit filename="Search_Engine_Data/75 2.txt" />
		<Unit filename="Search_Engine_Data/75.txt" />
		<Unit filename="Search_Engine_Data/76 2.txt" />
		<Unit filename="Search_Engine_Data/76.txt" />
		<Unit filename="Search_Engine_Data/77 2.txt" />
		<Unit filename="Search_Engine_Data/77.txt" />
		<Unit filename="Search_Engine_Data/78 2.txt" />
		<Unit filename="Search_Engine_Data/78.txt" />
		<Unit filename="Search_Engine_Data/79 2.txt" />
		<Unit filename="Search_Engine_Data/79.txt" />
		<Unit filename="Search_Engine_Data/8.txt" />
		<Unit filename="Search_Engine_Data/80 2.txt" />
		<Unit filename="Search_Engine_Data/80.txt" />
		<Unit filename="Search_Engine_Data/81 2.txt" />
		<Unit filename="Search_Engine_Data/81.txt" />
		<Unit filename="Search_Engine_Data/82 2.txt" />
		<Unit filename="Search_Engine_Data/82.txt" />
		<Unit filename="Search_Engine_Data/83 2.txt" />
		<Unit filename="Search_Engine_Data/83.txt" />
		<Unit filename="Search_Engine_Data/84 2.txt" />
		<Unit filename="Search_Engine_Data/84.txt" />
		<Unit filename="Search_Engine_Data/85 2.txt" />
		<Unit filename="Search_Engine_Data/85.txt" />
		<Unit filename="Search_Engine_Data/86 2.txt" />
		<Unit filename="Search_Engine_Data/86.txt" />
		<Unit filename="Search_Engine_Data/87 2.txt" />
		<Unit filename="Search_Engine_Data/87.txt" />
		<Unit filename="Search_Engine_Data/88 2.txt" />
		<Unit filename="Search_Engine_Data/88.txt" />
		<Unit filename="Search_Engine_Data/89 2.txt" />
		<Unit filename="Search_Engine_Data/89.txt" />
		<Unit filename="Search_Engine_Data/9.txt" />
		<Unit filename="Search_Engine_Data/90 2.txt" />
		<Unit filename="Search_Engine_Data/90.txt" />
		<Unit filename="Search_Engine_Data/91 2.txt" />
		<Unit filename="Search_Engine_Data/91.txt" />
		<Unit filename="Search_Engine_Data/92 2.txt" />
		<Unit filename="Search_Engine_Data/92.txt" />
		<Unit filename="Search_Engine_Data/93 2.txt" />
		<Unit filename="Search_Engine_Data/93.txt" />
		<Unit filename="Search_Engine_Data/94 2.txt" />
		<Unit filename="Search_Engine_Data/94.txt" />
		<Unit filename="Search_Engine_Data/95 2.txt" />
		<Unit filename="Search_Engine_Data/95.txt" />
		<Unit filename="Search_Engine_Data/96 2.txt" />
		<Unit filename="Search_Engine_Data/96.txt" />
		<Unit filename="Search_Engine_Data/97 2.txt" />
		<Unit filename="Search_Engine_Data/97.txt" />
		<Unit filename="Search_Engine_Data/98 2.txt" />
		<Unit filename="Search_Engine_Data/98.txt" />
		<Unit filename="Search_Engine_Data/99 2.txt" />
		<Unit filename="Search_Engine_Data/99.txt" />
		<Unit filename="Tan.cpp" />
		<Unit filename="Tan.h" />
		<Unit filename="library.h" />
		<Unit filename="main.cpp" />
		<Extensions>
			<lib_finder disable_auto="1" />
		</Extensions>
	</Project>
</CodeBlocks_project_file>
